// !$*UTF8*$!
{
	archiveVersion = 1;
	classes = {
	};
	objectVersion = 46;
	objects = {

/* Begin PBXBuildFile section */
		9F6630301DC36F3E00D6ED5C /* tomCatTVTests.swift in Sources */ = {isa = PBXBuildFile; fileRef = 9F66302F1DC36F3E00D6ED5C /* tomCatTVTests.swift */; };
		9F66303B1DC36F3E00D6ED5C /* tomCatTVUITests.swift in Sources */ = {isa = PBXBuildFile; fileRef = 9F66303A1DC36F3E00D6ED5C /* tomCatTVUITests.swift */; };
		9F6630531DC3731C00D6ED5C /* AppDelegate.swift in Sources */ = {isa = PBXBuildFile; fileRef = 9F66304E1DC3731C00D6ED5C /* AppDelegate.swift */; };
		9F6630541DC3731C00D6ED5C /* Assets.xcassets in Resources */ = {isa = PBXBuildFile; fileRef = 9F66304F1DC3731C00D6ED5C /* Assets.xcassets */; };
		9F6630551DC3731C00D6ED5C /* LaunchScreen.storyboard in Resources */ = {isa = PBXBuildFile; fileRef = 9F6630501DC3731C00D6ED5C /* LaunchScreen.storyboard */; };
		9F6630561DC3731C00D6ED5C /* Info.plist in Resources */ = {isa = PBXBuildFile; fileRef = 9F6630521DC3731C00D6ED5C /* Info.plist */; };
		9F6630581DC3734700D6ED5C /* HomeViewController.swift in Sources */ = {isa = PBXBuildFile; fileRef = 9F6630571DC3734700D6ED5C /* HomeViewController.swift */; };
/* End PBXBuildFile section */

/* Begin PBXContainerItemProxy section */
		9F66302C1DC36F3E00D6ED5C /* PBXContainerItemProxy */ = {
			isa = PBXContainerItemProxy;
			containerPortal = 9F66300F1DC36F3E00D6ED5C /* Project object */;
			proxyType = 1;
			remoteGlobalIDString = 9F6630161DC36F3E00D6ED5C;
			remoteInfo = tomCatTV;
		};
		9F6630371DC36F3E00D6ED5C /* PBXContainerItemProxy */ = {
			isa = PBXContainerItemProxy;
			containerPortal = 9F66300F1DC36F3E00D6ED5C /* Project object */;
			proxyType = 1;
			remoteGlobalIDString = 9F6630161DC36F3E00D6ED5C;
			remoteInfo = tomCatTV;
		};
/* End PBXContainerItemProxy section */

/* Begin PBXFileReference section */
		9F6630171DC36F3E00D6ED5C /* tomCatTV.app */ = {isa = PBXFileReference; explicitFileType = wrapper.application; includeInIndex = 0; path = tomCatTV.app; sourceTree = BUILT_PRODUCTS_DIR; };
		9F66302B1DC36F3E00D6ED5C /* tomCatTVTests.xctest */ = {isa = PBXFileReference; explicitFileType = wrapper.cfbundle; includeInIndex = 0; path = tomCatTVTests.xctest; sourceTree = BUILT_PRODUCTS_DIR; };
		9F66302F1DC36F3E00D6ED5C /* tomCatTVTests.swift */ = {isa = PBXFileReference; lastKnownFileType = sourcecode.swift; path = tomCatTVTests.swift; sourceTree = "<group>"; };
		9F6630311DC36F3E00D6ED5C /* Info.plist */ = {isa = PBXFileReference; lastKnownFileType = text.plist.xml; path = Info.plist; sourceTree = "<group>"; };
		9F6630361DC36F3E00D6ED5C /* tomCatTVUITests.xctest */ = {isa = PBXFileReference; explicitFileType = wrapper.cfbundle; includeInIndex = 0; path = tomCatTVUITests.xctest; sourceTree = BUILT_PRODUCTS_DIR; };
		9F66303A1DC36F3E00D6ED5C /* tomCatTVUITests.swift */ = {isa = PBXFileReference; lastKnownFileType = sourcecode.swift; path = tomCatTVUITests.swift; sourceTree = "<group>"; };
		9F66303C1DC36F3E00D6ED5C /* Info.plist */ = {isa = PBXFileReference; lastKnownFileType = text.plist.xml; path = Info.plist; sourceTree = "<group>"; };
		9F66304E1DC3731C00D6ED5C /* AppDelegate.swift */ = {isa = PBXFileReference; fileEncoding = 4; lastKnownFileType = sourcecode.swift; path = AppDelegate.swift; sourceTree = "<group>"; };
		9F66304F1DC3731C00D6ED5C /* Assets.xcassets */ = {isa = PBXFileReference; lastKnownFileType = folder.assetcatalog; path = Assets.xcassets; sourceTree = "<group>"; };
		9F6630511DC3731C00D6ED5C /* Base */ = {isa = PBXFileReference; lastKnownFileType = file.storyboard; name = Base; path = Base.lproj/LaunchScreen.storyboard; sourceTree = "<group>"; };
		9F6630521DC3731C00D6ED5C /* Info.plist */ = {isa = PBXFileReference; fileEncoding = 4; lastKnownFileType = text.plist.xml; path = Info.plist; sourceTree = "<group>"; };
		9F6630571DC3734700D6ED5C /* HomeViewController.swift */ = {isa = PBXFileReference; fileEncoding = 4; lastKnownFileType = sourcecode.swift; path = HomeViewController.swift; sourceTree = "<group>"; };
/* End PBXFileReference section */

/* Begin PBXFrameworksBuildPhase section */
		9F6630141DC36F3E00D6ED5C /* Frameworks */ = {
			isa = PBXFrameworksBuildPhase;
			buildActionMask = 2147483647;
			files = (
			);
			runOnlyForDeploymentPostprocessing = 0;
		};
		9F6630281DC36F3E00D6ED5C /* Frameworks */ = {
			isa = PBXFrameworksBuildPhase;
			buildActionMask = 2147483647;
			files = (
			);
			runOnlyForDeploymentPostprocessing = 0;
		};
		9F6630331DC36F3E00D6ED5C /* Frameworks */ = {
			isa = PBXFrameworksBuildPhase;
			buildActionMask = 2147483647;
			files = (
			);
			runOnlyForDeploymentPostprocessing = 0;
		};
/* End PBXFrameworksBuildPhase section */

/* Begin PBXGroup section */
		9F66300E1DC36F3E00D6ED5C = {
			isa = PBXGroup;
			children = (
				9F6630191DC36F3E00D6ED5C /* tomCatTV */,
				9F66302E1DC36F3E00D6ED5C /* tomCatTVTests */,
				9F6630391DC36F3E00D6ED5C /* tomCatTVUITests */,
				9F6630181DC36F3E00D6ED5C /* Products */,
			);
			sourceTree = "<group>";
		};
		9F6630181DC36F3E00D6ED5C /* Products */ = {
			isa = PBXGroup;
			children = (
				9F6630171DC36F3E00D6ED5C /* tomCatTV.app */,
				9F66302B1DC36F3E00D6ED5C /* tomCatTVTests.xctest */,
				9F6630361DC36F3E00D6ED5C /* tomCatTVUITests.xctest */,
			);
			name = Products;
			sourceTree = "<group>";
		};
		9F6630191DC36F3E00D6ED5C /* tomCatTV */ = {
			isa = PBXGroup;
			children = (
				9F6630481DC3731C00D6ED5C /* TVClasses */,
			);
			path = tomCatTV;
			sourceTree = "<group>";
		};
		9F66302E1DC36F3E00D6ED5C /* tomCatTVTests */ = {
			isa = PBXGroup;
			children = (
				9F66302F1DC36F3E00D6ED5C /* tomCatTVTests.swift */,
				9F6630311DC36F3E00D6ED5C /* Info.plist */,
			);
			path = tomCatTVTests;
			sourceTree = "<group>";
		};
		9F6630391DC36F3E00D6ED5C /* tomCatTVUITests */ = {
			isa = PBXGroup;
			children = (
				9F66303A1DC36F3E00D6ED5C /* tomCatTVUITests.swift */,
				9F66303C1DC36F3E00D6ED5C /* Info.plist */,
			);
			path = tomCatTVUITests;
			sourceTree = "<group>";
		};
		9F6630481DC3731C00D6ED5C /* TVClasses */ = {
			isa = PBXGroup;
			children = (
				9F6630491DC3731C00D6ED5C /* Code */,
				9F66304D1DC3731C00D6ED5C /* others */,
			);
			path = TVClasses;
			sourceTree = "<group>";
		};
		9F6630491DC3731C00D6ED5C /* Code */ = {
			isa = PBXGroup;
			children = (
				9F66304A1DC3731C00D6ED5C /* Controller */,
				9F66304B1DC3731C00D6ED5C /* Model */,
				9F66304C1DC3731C00D6ED5C /* View */,
			);
			path = Code;
			sourceTree = "<group>";
		};
		9F66304A1DC3731C00D6ED5C /* Controller */ = {
			isa = PBXGroup;
			children = (
				9F6630571DC3734700D6ED5C /* HomeViewController.swift */,
			);
			path = Controller;
			sourceTree = "<group>";
		};
		9F66304B1DC3731C00D6ED5C /* Model */ = {
			isa = PBXGroup;
			children = (
			);
			path = Model;
			sourceTree = "<group>";
		};
		9F66304C1DC3731C00D6ED5C /* View */ = {
			isa = PBXGroup;
			children = (
			);
			path = View;
			sourceTree = "<group>";
		};
		9F66304D1DC3731C00D6ED5C /* others */ = {
			isa = PBXGroup;
			children = (
				9F6630521DC3731C00D6ED5C /* Info.plist */,
				9F66304E1DC3731C00D6ED5C /* AppDelegate.swift */,
				9F66304F1DC3731C00D6ED5C /* Assets.xcassets */,
				9F6630501DC3731C00D6ED5C /* LaunchScreen.storyboard */,
			);
			path = others;
			sourceTree = "<group>";
		};
/* End PBXGroup section */

/* Begin PBXNativeTarget section */
		9F6630161DC36F3E00D6ED5C /* tomCatTV */ = {
			isa = PBXNativeTarget;
			buildConfigurationList = 9F66303F1DC36F3E00D6ED5C /* Build configuration list for PBXNativeTarget "tomCatTV" */;
			buildPhases = (
				9F6630131DC36F3E00D6ED5C /* Sources */,
				9F6630141DC36F3E00D6ED5C /* Frameworks */,
				9F6630151DC36F3E00D6ED5C /* Resources */,
			);
			buildRules = (
			);
			dependencies = (
			);
			name = tomCatTV;
			productName = tomCatTV;
			productReference = 9F6630171DC36F3E00D6ED5C /* tomCatTV.app */;
			productType = "com.apple.product-type.application";
		};
		9F66302A1DC36F3E00D6ED5C /* tomCatTVTests */ = {
			isa = PBXNativeTarget;
			buildConfigurationList = 9F6630421DC36F3E00D6ED5C /* Build configuration list for PBXNativeTarget "tomCatTVTests" */;
			buildPhases = (
				9F6630271DC36F3E00D6ED5C /* Sources */,
				9F6630281DC36F3E00D6ED5C /* Frameworks */,
				9F6630291DC36F3E00D6ED5C /* Resources */,
			);
			buildRules = (
			);
			dependencies = (
				9F66302D1DC36F3E00D6ED5C /* PBXTargetDependency */,
			);
			name = tomCatTVTests;
			productName = tomCatTVTests;
			productReference = 9F66302B1DC36F3E00D6ED5C /* tomCatTVTests.xctest */;
			productType = "com.apple.product-type.bundle.unit-test";
		};
		9F6630351DC36F3E00D6ED5C /* tomCatTVUITests */ = {
			isa = PBXNativeTarget;
			buildConfigurationList = 9F6630451DC36F3E00D6ED5C /* Build configuration list for PBXNativeTarget "tomCatTVUITests" */;
			buildPhases = (
				9F6630321DC36F3E00D6ED5C /* Sources */,
				9F6630331DC36F3E00D6ED5C /* Frameworks */,
				9F6630341DC36F3E00D6ED5C /* Resources */,
			);
			buildRules = (
			);
			dependencies = (
				9F6630381DC36F3E00D6ED5C /* PBXTargetDependency */,
			);
			name = tomCatTVUITests;
			productName = tomCatTVUITests;
			productReference = 9F6630361DC36F3E00D6ED5C /* tomCatTVUITests.xctest */;
			productType = "com.apple.product-type.bundle.ui-testing";
		};
/* End PBXNativeTarget section */

/* Begin PBXProject section */
		9F66300F1DC36F3E00D6ED5C /* Project object */ = {
			isa = PBXProject;
			attributes = {
				LastSwiftUpdateCheck = 0800;
				LastUpgradeCheck = 0800;
				ORGANIZATIONNAME = "燊燊科技公司";
				TargetAttributes = {
					9F6630161DC36F3E00D6ED5C = {
						CreatedOnToolsVersion = 8.0;
						DevelopmentTeam = B8HZW7EGB2;
						ProvisioningStyle = Automatic;
					};
					9F66302A1DC36F3E00D6ED5C = {
						CreatedOnToolsVersion = 8.0;
						ProvisioningStyle = Automatic;
						TestTargetID = 9F6630161DC36F3E00D6ED5C;
					};
					9F6630351DC36F3E00D6ED5C = {
						CreatedOnToolsVersion = 8.0;
						ProvisioningStyle = Automatic;
						TestTargetID = 9F6630161DC36F3E00D6ED5C;
					};
				};
			};
			buildConfigurationList = 9F6630121DC36F3E00D6ED5C /* Build configuration list for PBXProject "tomCatTV" */;
			compatibilityVersion = "Xcode 3.2";
			developmentRegion = English;
			hasScannedForEncodings = 0;
			knownRegions = (
				en,
				Base,
			);
			mainGroup = 9F66300E1DC36F3E00D6ED5C;
			productRefGroup = 9F6630181DC36F3E00D6ED5C /* Products */;
			projectDirPath = "";
			projectRoot = "";
			targets = (
				9F6630161DC36F3E00D6ED5C /* tomCatTV */,
				9F66302A1DC36F3E00D6ED5C /* tomCatTVTests */,
				9F6630351DC36F3E00D6ED5C /* tomCatTVUITests */,
			);
		};
/* End PBXProject section */

/* Begin PBXResourcesBuildPhase section */
		9F6630151DC36F3E00D6ED5C /* Resources */ = {
			isa = PBXResourcesBuildPhase;
			buildActionMask = 2147483647;
			files = (
				9F6630541DC3731C00D6ED5C /* Assets.xcassets in Resources */,
				9F6630551DC3731C00D6ED5C /* LaunchScreen.storyboard in Resources */,
				9F6630561DC3731C00D6ED5C /* Info.plist in Resources */,
			);
			runOnlyForDeploymentPostprocessing = 0;
		};
		9F6630291DC36F3E00D6ED5C /* Resources */ = {
			isa = PBXResourcesBuildPhase;
			buildActionMask = 2147483647;
			files = (
			);
			runOnlyForDeploymentPostprocessing = 0;
		};
		9F6630341DC36F3E00D6ED5C /* Resources */ = {
			isa = PBXResourcesBuildPhase;
			buildActionMask = 2147483647;
			files = (
			);
			runOnlyForDeploymentPostprocessing = 0;
		};
/* End PBXResourcesBuildPhase section */

/* Begin PBXSourcesBuildPhase section */
		9F6630131DC36F3E00D6ED5C /* Sources */ = {
			isa = PBXSourcesBuildPhase;
			buildActionMask = 2147483647;
			files = (
				9F6630531DC3731C00D6ED5C /* AppDelegate.swift in Sources */,
				9F6630581DC3734700D6ED5C /* HomeViewController.swift in Sources */,
			);
			runOnlyForDeploymentPostprocessing = 0;
		};
		9F6630271DC36F3E00D6ED5C /* Sources */ = {
			isa = PBXSourcesBuildPhase;
			buildActionMask = 2147483647;
			files = (
				9F6630301DC36F3E00D6ED5C /* tomCatTVTests.swift in Sources */,
			);
			runOnlyForDeploymentPostprocessing = 0;
		};
		9F6630321DC36F3E00D6ED5C /* Sources */ = {
			isa = PBXSourcesBuildPhase;
			buildActionMask = 2147483647;
			files = (
				9F66303B1DC36F3E00D6ED5C /* tomCatTVUITests.swift in Sources */,
			);
			runOnlyForDeploymentPostprocessing = 0;
		};
/* End PBXSourcesBuildPhase section */

/* Begin PBXTargetDependency section */
		9F66302D1DC36F3E00D6ED5C /* PBXTargetDependency */ = {
			isa = PBXTargetDependency;
			target = 9F6630161DC36F3E00D6ED5C /* tomCatTV */;
			targetProxy = 9F66302C1DC36F3E00D6ED5C /* PBXContainerItemProxy */;
		};
		9F6630381DC36F3E00D6ED5C /* PBXTargetDependency */ = {
			isa = PBXTargetDependency;
			target = 9F6630161DC36F3E00D6ED5C /* tomCatTV */;
			targetProxy = 9F6630371DC36F3E00D6ED5C /* PBXContainerItemProxy */;
		};
/* End PBXTargetDependency section */

/* Begin PBXVariantGroup section */
		9F6630501DC3731C00D6ED5C /* LaunchScreen.storyboard */ = {
			isa = PBXVariantGroup;
			children = (
				9F6630511DC3731C00D6ED5C /* Base */,
			);
			name = LaunchScreen.storyboard;
			sourceTree = "<group>";
		};
/* End PBXVariantGroup section */

/* Begin XCBuildConfiguration section */
		9F66303D1DC36F3E00D6ED5C /* Debug */ = {
			isa = XCBuildConfiguration;
			buildSettings = {
				ALWAYS_SEARCH_USER_PATHS = NO;
				CLANG_ANALYZER_NONNULL = YES;
				CLANG_CXX_LANGUAGE_STANDARD = "gnu++0x";
				CLANG_CXX_LIBRARY = "libc++";
				CLANG_ENABLE_MODULES = YES;
				CLANG_ENABLE_OBJC_ARC = YES;
				CLANG_WARN_BOOL_CONVERSION = YES;
				CLANG_WARN_CONSTANT_CONVERSION = YES;
				CLANG_WARN_DIRECT_OBJC_ISA_USAGE = YES_ERROR;
				CLANG_WARN_DOCUMENTATION_COMMENTS = YES;
				CLANG_WARN_EMPTY_BODY = YES;
				CLANG_WARN_ENUM_CONVERSION = YES;
				CLANG_WARN_INFINITE_RECURSION = YES;
				CLANG_WARN_INT_CONVERSION = YES;
				CLANG_WARN_OBJC_ROOT_CLASS = YES_ERROR;
				CLANG_WARN_SUSPICIOUS_MOVES = YES;
				CLANG_WARN_UNREACHABLE_CODE = YES;
				CLANG_WARN__DUPLICATE_METHOD_MATCH = YES;
				"CODE_SIGN_IDENTITY[sdk=iphoneos*]" = "iPhone Developer";
				COPY_PHASE_STRIP = NO;
				DEBUG_INFORMATION_FORMAT = dwarf;
				ENABLE_STRICT_OBJC_MSGSEND = YES;
				ENABLE_TESTABILITY = YES;
				GCC_C_LANGUAGE_STANDARD = gnu99;
				GCC_DYNAMIC_NO_PIC = NO;
				GCC_NO_COMMON_BLOCKS = YES;
				GCC_OPTIMIZATION_LEVEL = 0;
				GCC_PREPROCESSOR_DEFINITIONS = (
					"DEBUG=1",
					"$(inherited)",
				);
				GCC_WARN_64_TO_32_BIT_CONVERSION = YES;
				GCC_WARN_ABOUT_RETURN_TYPE = YES_ERROR;
				GCC_WARN_UNDECLARED_SELECTOR = YES;
				GCC_WARN_UNINITIALIZED_AUTOS = YES_AGGRESSIVE;
				GCC_WARN_UNUSED_FUNCTION = YES;
				GCC_WARN_UNUSED_VARIABLE = YES;
				IPHONEOS_DEPLOYMENT_TARGET = 10.0;
				MTL_ENABLE_DEBUG_INFO = YES;
				ONLY_ACTIVE_ARCH = YES;
				SDKROOT = iphoneos;
				SWIFT_ACTIVE_COMPILATION_CONDITIONS = DEBUG;
				SWIFT_OPTIMIZATION_LEVEL = "-Onone";
				TARGETED_DEVICE_FAMILY = "1,2";
			};
			name = Debug;
		};
		9F66303E1DC36F3E00D6ED5C /* Release */ = {
			isa = XCBuildConfiguration;
			buildSettings = {
				ALWAYS_SEARCH_USER_PATHS = NO;
				CLANG_ANALYZER_NONNULL = YES;
				CLANG_CXX_LANGUAGE_STANDARD = "gnu++0x";
				CLANG_CXX_LIBRARY = "libc++";
				CLANG_ENABLE_MODULES = YES;
				CLANG_ENABLE_OBJC_ARC = YES;
				CLANG_WARN_BOOL_CONVERSION = YES;
				CLANG_WARN_CONSTANT_CONVERSION = YES;
				CLANG_WARN_DIRECT_OBJC_ISA_USAGE = YES_ERROR;
				CLANG_WARN_DOCUMENTATION_COMMENTS = YES;
				CLANG_WARN_EMPTY_BODY = YES;
				CLANG_WARN_ENUM_CONVERSION = YES;
				CLANG_WARN_INFINITE_RECURSION = YES;
				CLANG_WARN_INT_CONVERSION = YES;
				CLANG_WARN_OBJC_ROOT_CLASS = YES_ERROR;
				CLANG_WARN_SUSPICIOUS_MOVES = YES;
				CLANG_WARN_UNREACHABLE_CODE = YES;
				CLANG_WARN__DUPLICATE_METHOD_MATCH = YES;
				"CODE_SIGN_IDENTITY[sdk=iphoneos*]" = "iPhone Developer";
				COPY_PHASE_STRIP = NO;
				DEBUG_INFORMATION_FORMAT = "dwarf-with-dsym";
				ENABLE_NS_ASSERTIONS = NO;
				ENABLE_STRICT_OBJC_MSGSEND = YES;
				GCC_C_LANGUAGE_STANDARD = gnu99;
				GCC_NO_COMMON_BLOCKS = YES;
				GCC_WARN_64_TO_32_BIT_CONVERSION = YES;
				GCC_WARN_ABOUT_RETURN_TYPE = YES_ERROR;
				GCC_WARN_UNDECLARED_SELECTOR = YES;
				GCC_WARN_UNINITIALIZED_AUTOS = YES_AGGRESSIVE;
				GCC_WARN_UNUSED_FUNCTION = YES;
				GCC_WARN_UNUSED_VARIABLE = YES;
				IPHONEOS_DEPLOYMENT_TARGET = 10.0;
				MTL_ENABLE_DEBUG_INFO = NO;
				SDKROOT = iphoneos;
				SWIFT_OPTIMIZATION_LEVEL = "-Owholemodule";
				TARGETED_DEVICE_FAMILY = "1,2";
				VALIDATE_PRODUCT = YES;
			};
			name = Release;
		};
		9F6630401DC36F3E00D6ED5C /* Debug */ = {
			isa = XCBuildConfiguration;
			buildSettings = {
				ASSETCATALOG_COMPILER_APPICON_NAME = AppIcon;
				DEVELOPMENT_TEAM = B8HZW7EGB2;
				INFOPLIST_FILE = tomCatTV/TVClasses/others/Info.plist;
				IPHONEOS_DEPLOYMENT_TARGET = 8.0;
				LD_RUNPATH_SEARCH_PATHS = "$(inherited) @executable_path/Frameworks";
				PRODUCT_BUNDLE_IDENTIFIER = www.shenshen.com.im.tomCatTV;
				PRODUCT_NAME = "$(TARGET_NAME)";
				SWIFT_VERSION = 3.0;
			};
			name = Debug;
		};
		9F6630411DC36F3E00D6ED5C /* Release */ = {
			isa = XCBuildConfiguration;
			buildSettings = {
				ASSETCATALOG_COMPILER_APPICON_NAME = AppIcon;
				DEVELOPMENT_TEAM = B8HZW7EGB2;
				INFOPLIST_FILE = tomCatTV/TVClasses/others/Info.plist;
				IPHONEOS_DEPLOYMENT_TARGET = 8.0;
				LD_RUNPATH_SEARCH_PATHS = "$(inherited) @executable_path/Frameworks";
				PRODUCT_BUNDLE_IDENTIFIER = www.shenshen.com.im.tomCatTV;
				PRODUCT_NAME = "$(TARGET_NAME)";
				SWIFT_VERSION = 3.0;
			};
			name = Release;
		};
		9F6630431DC36F3E00D6ED5C /* Debug */ = {
			isa = XCBuildConfiguration;
			buildSettings = {
				ALWAYS_EMBED_SWIFT_STANDARD_LIBRARIES = YES;
				BUNDLE_LOADER = "$(TEST_HOST)";
				INFOPLIST_FILE = tomCatTVTests/Info.plist;
				LD_RUNPATH_SEARCH_PATHS = "$(inherited) @executable_path/Frameworks @loader_path/Frameworks";
				PRODUCT_BUNDLE_IDENTIFIER = www.shenshen.com.im.tomCatTVTests;
				PRODUCT_NAME = "$(TARGET_NAME)";
				SWIFT_VERSION = 3.0;
				TEST_HOST = "$(BUILT_PRODUCTS_DIR)/tomCatTV.app/tomCatTV";
			};
			name = Debug;
		};
		9F6630441DC36F3E00D6ED5C /* Release */ = {
			isa = XCBuildConfiguration;
			buildSettings = {
				ALWAYS_EMBED_SWIFT_STANDARD_LIBRARIES = YES;
				BUNDLE_LOADER = "$(TEST_HOST)";
				INFOPLIST_FILE = tomCatTVTests/Info.plist;
				LD_RUNPATH_SEARCH_PATHS = "$(inherited) @executable_path/Frameworks @loader_path/Frameworks";
				PRODUCT_BUNDLE_IDENTIFIER = www.shenshen.com.im.tomCatTVTests;
				PRODUCT_NAME = "$(TARGET_NAME)";
				SWIFT_VERSION = 3.0;
				TEST_HOST = "$(BUILT_PRODUCTS_DIR)/tomCatTV.app/tomCatTV";
			};
			name = Release;
		};
		9F6630461DC36F3E00D6ED5C /* Debug */ = {
			isa = XCBuildConfiguration;
			buildSettings = {
				ALWAYS_EMBED_SWIFT_STANDARD_LIBRARIES = YES;
				INFOPLIST_FILE = tomCatTVUITests/Info.plist;
				LD_RUNPATH_SEARCH_PATHS = "$(inherited) @executable_path/Frameworks @loader_path/Frameworks";
				PRODUCT_BUNDLE_IDENTIFIER = www.shenshen.com.im.tomCatTVUITests;
				PRODUCT_NAME = "$(TARGET_NAME)";
				SWIFT_VERSION = 3.0;
				TEST_TARGET_NAME = tomCatTV;
			};
			name = Debug;
		};
		9F6630471DC36F3E00D6ED5C /* Release */ = {
			isa = XCBuildConfiguration;
			buildSettings = {
				ALWAYS_EMBED_SWIFT_STANDARD_LIBRARIES = YES;
				INFOPLIST_FILE = tomCatTVUITests/Info.plist;
				LD_RUNPATH_SEARCH_PATHS = "$(inherited) @executable_path/Frameworks @loader_path/Frameworks";
				PRODUCT_BUNDLE_IDENTIFIER = www.shenshen.com.im.tomCatTVUITests;
				PRODUCT_NAME = "$(TARGET_NAME)";
				SWIFT_VERSION = 3.0;
				TEST_TARGET_NAME = tomCatTV;
			};
			name = Release;
		};
/* End XCBuildConfiguration section */

/* Begin XCConfigurationList section */
		9F6630121DC36F3E00D6ED5C /* Build configuration list for PBXProject "tomCatTV" */ = {
			isa = XCConfigurationList;
			buildConfigurations = (
				9F66303D1DC36F3E00D6ED5C /* Debug */,
				9F66303E1DC36F3E00D6ED5C /* Release */,
			);
			defaultConfigurationIsVisible = 0;
			defaultConfigurationName = Release;
		};
		9F66303F1DC36F3E00D6ED5C /* Build configuration list for PBXNativeTarget "tomCatTV" */ = {
			isa = XCConfigurationList;
			buildConfigurations = (
				9F6630401DC36F3E00D6ED5C /* Debug */,
				9F6630411DC36F3E00D6ED5C /* Release */,
			);
			defaultConfigurationIsVisible = 0;
		};
		9F6630421DC36F3E00D6ED5C /* Build configuration list for PBXNativeTarget "tomCatTVTests" */ = {
			isa = XCConfigurationList;
			buildConfigurations = (
				9F6630431DC36F3E00D6ED5C /* Debug */,
				9F6630441DC36F3E00D6ED5C /* Release */,
			);
			defaultConfigurationIsVisible = 0;
		};
		9F6630451DC36F3E00D6ED5C /* Build configuration list for PBXNativeTarget "tomCatTVUITests" */ = {
			isa = XCConfigurationList;
			buildConfigurations = (
				9F6630461DC36F3E00D6ED5C /* Debug */,
				9F6630471DC36F3E00D6ED5C /* Release */,
			);
			defaultConfigurationIsVisible = 0;
		};
/* End XCConfigurationList section */
	};
	rootObject = 9F66300F1DC36F3E00D6ED5C /* Project object */;
}
